
Microsoft Visual Studio Solution File, Format Version 12.00
# Visual Studio 15
VisualStudioVersion = 15.0.28307.572
MinimumVisualStudioVersion = 10.0.40219.1
Project("{9A19103F-16F7-4668-BE54-9A1E7A4F7556}") = "Flashcards", "Flashcards\Flashcards.csproj", "{B2DD3046-8451-438A-A50E-5FCC310D5632}"
EndProject
Project("{FAE04EC0-301F-11D3-BF4B-00C04F79EFBC}") = "FlashcardsApi", "FlashcardsApi\FlashcardsApi.csproj", "{D58DC57E-84EA-449F-BD7D-77846FC1FB65}"
EndProject
Global
	GlobalSection(SolutionConfigurationPlatforms) = preSolution
		Debug|Any CPU = Debug|Any CPU
		Release|Any CPU = Release|Any CPU
	EndGlobalSection
	GlobalSection(ProjectConfigurationPlatforms) = postSolution
		{B2DD3046-8451-438A-A50E-5FCC310D5632}.Debug|Any CPU.ActiveCfg = Debug|Any CPU
		{B2DD3046-8451-438A-A50E-5FCC310D5632}.Debug|Any CPU.Build.0 = Debug|Any CPU
		{B2DD3046-8451-438A-A50E-5FCC310D5632}.Release|Any CPU.ActiveCfg = Release|Any CPU
		{B2DD3046-8451-438A-A50E-5FCC310D5632}.Release|Any CPU.Build.0 = Release|Any CPU
		{D58DC57E-84EA-449F-BD7D-77846FC1FB65}.Debug|Any CPU.ActiveCfg = Debug|Any CPU
		{D58DC57E-84EA-449F-BD7D-77846FC1FB65}.Debug|Any CPU.Build.0 = Debug|Any CPU
		{D58DC57E-84EA-449F-BD7D-77846FC1FB65}.Release|Any CPU.ActiveCfg = Release|Any CPU
		{D58DC57E-84EA-449F-BD7D-77846FC1FB65}.Release|Any CPU.Build.0 = Release|Any CPU
	EndGlobalSection
	GlobalSection(SolutionProperties) = preSolution
		HideSolutionNode = FALSE
	EndGlobalSection
	GlobalSection(ExtensibilityGlobals) = postSolution
		SolutionGuid = {1F82A453-E3B2-4751-8720-869836B39548}
	EndGlobalSection
EndGlobal
